# THIS IS AN AUTOGENERATED FILE. DO NOT EDIT THIS FILE DIRECTLY.
# yarn lockfile v1


"accepts@~1.3.3":
  "integrity" "sha1-hiRnWMfdbSGmR0/whKR0DsBesh8="
  "resolved" "http://registry.npm.taobao.org/accepts/download/accepts-1.3.4.tgz"
  "version" "1.3.4"
  dependencies:
    "mime-types" "~2.1.16"
    "negotiator" "0.6.1"

"array-flatten@1.1.1":
  "integrity" "sha1-ml9pkFGx5wczKPKgCJaLZOopVdI="
  "resolved" "http://registry.npm.taobao.org/array-flatten/download/array-flatten-1.1.1.tgz"
  "version" "1.1.1"

"basic-auth@~2.0.1":
  "integrity" "sha512-NF+epuEdnUYVlGuhaxbbq+dvJttwLnGY+YixlXlME5KpQ5W3CnXA5cVTneY3SPbPDRkcjMbifrwmFYcClgOZeg=="
  "resolved" "https://registry.npmjs.org/basic-auth/-/basic-auth-2.0.1.tgz"
  "version" "2.0.1"
  dependencies:
    "safe-buffer" "5.1.2"

"bignumber.js@4.0.4":
  "integrity" "sha1-fED1q80tZiOre5loLufbgbEYiaQ="
  "resolved" "http://registry.npm.taobao.org/bignumber.js/download/bignumber.js-4.0.4.tgz"
  "version" "4.0.4"

"body-parser@~1.17.1":
  "integrity" "sha1-+IkqvI+eYn1Crtr7yma/WrmRBO4="
  "resolved" "http://registry.npm.taobao.org/body-parser/download/body-parser-1.17.2.tgz"
  "version" "1.17.2"
  dependencies:
    "bytes" "2.4.0"
    "content-type" "~1.0.2"
    "debug" "2.6.7"
    "depd" "~1.1.0"
    "http-errors" "~1.6.1"
    "iconv-lite" "0.4.15"
    "on-finished" "~2.3.0"
    "qs" "6.4.0"
    "raw-body" "~2.2.0"
    "type-is" "~1.6.15"

"bytes@2.4.0":
  "integrity" "sha1-fZcZb51br39pNeJZhVSe3SpsIzk="
  "resolved" "http://registry.npm.taobao.org/bytes/download/bytes-2.4.0.tgz"
  "version" "2.4.0"

"content-disposition@0.5.2":
  "integrity" "sha1-DPaLud318r55YcOoUXjLhdunjLQ="
  "resolved" "http://registry.npm.taobao.org/content-disposition/download/content-disposition-0.5.2.tgz"
  "version" "0.5.2"

"content-type@~1.0.2":
  "integrity" "sha1-4TjMdeBAxyexlm/l5fjJruJW/js="
  "resolved" "http://registry.npm.taobao.org/content-type/download/content-type-1.0.4.tgz"
  "version" "1.0.4"

"cookie-parser@~1.4.3":
  "integrity" "sha1-D+MfoZ0AC5X0qt8fU/3CuKIDuqU="
  "resolved" "http://registry.npm.taobao.org/cookie-parser/download/cookie-parser-1.4.3.tgz"
  "version" "1.4.3"
  dependencies:
    "cookie" "0.3.1"
    "cookie-signature" "1.0.6"

"cookie-signature@1.0.6":
  "integrity" "sha1-4wOogrNCzD7oylE6eZmXNNqzriw="
  "resolved" "http://registry.npm.taobao.org/cookie-signature/download/cookie-signature-1.0.6.tgz"
  "version" "1.0.6"

"cookie@0.3.1":
  "integrity" "sha1-5+Ch+e9DtMi6klxcWpboBtFoc7s="
  "resolved" "http://registry.npm.taobao.org/cookie/download/cookie-0.3.1.tgz"
  "version" "0.3.1"

"core-util-is@~1.0.0":
  "integrity" "sha1-tf1UIgqivFq1eqtxQMlAdUUDwac="
  "resolved" "http://registry.npm.taobao.org/core-util-is/download/core-util-is-1.0.2.tgz"
  "version" "1.0.2"

"cors@^2.8.4":
  "integrity" "sha1-K9OB8usgECAQXNUOpZ2mMJBpRoY="
  "resolved" "http://registry.npm.taobao.org/cors/download/cors-2.8.4.tgz"
  "version" "2.8.4"
  dependencies:
    "object-assign" "^4"
    "vary" "^1"

"crc@3.4.4":
  "integrity" "sha1-naHpgOO9RPxck79as9ozeNheRms="
  "resolved" "http://registry.npm.taobao.org/crc/download/crc-3.4.4.tgz"
  "version" "3.4.4"

"debug@~2.6.3", "debug@2.6.9":
  "integrity" "sha1-XRKFFd8TT/Mn6QpMk/Tgd6U2NB8="
  "resolved" "http://registry.npm.taobao.org/debug/download/debug-2.6.9.tgz"
  "version" "2.6.9"
  dependencies:
    "ms" "2.0.0"

"debug@2.6.7":
  "integrity" "sha1-krrR9tBbu2u6Isyoi80OyJTChh4="
  "resolved" "http://registry.npm.taobao.org/debug/download/debug-2.6.7.tgz"
  "version" "2.6.7"
  dependencies:
    "ms" "2.0.0"

"depd@~1.1.0", "depd@~1.1.1", "depd@1.1.1":
  "integrity" "sha1-V4O04cRZ8G+lyif5kfPQbnoxA1k="
  "resolved" "http://registry.npm.taobao.org/depd/download/depd-1.1.1.tgz"
  "version" "1.1.1"

"depd@~2.0.0":
  "integrity" "sha512-g7nH6P6dyDioJogAAGprGpCtVImJhpPk/roCzdb3fIh61/s/nPsfR6onyMwkCAR/OlC3yBC0lESvUoQEAssIrw=="
  "resolved" "https://registry.npmjs.org/depd/-/depd-2.0.0.tgz"
  "version" "2.0.0"

"destroy@~1.0.4":
  "integrity" "sha1-l4hXRCxEdJ5CBmE+N5RiBYJqvYA="
  "resolved" "http://registry.npm.taobao.org/destroy/download/destroy-1.0.4.tgz"
  "version" "1.0.4"

"ee-first@1.1.1":
  "integrity" "sha1-WQxhFWsK4vTwJVcyoViyZrxWsh0="
  "resolved" "http://registry.npm.taobao.org/ee-first/download/ee-first-1.1.1.tgz"
  "version" "1.1.1"

"ejs@~2.5.6":
  "integrity" "sha1-zIcsFoiArjxxiXYv1f/ACJbJUYo="
  "resolved" "http://registry.npm.taobao.org/ejs/download/ejs-2.5.7.tgz"
  "version" "2.5.7"

"encodeurl@~1.0.1":
  "integrity" "sha1-eePVhlU0aQn+bw9Fpd5oEDspTSA="
  "resolved" "http://registry.npm.taobao.org/encodeurl/download/encodeurl-1.0.1.tgz"
  "version" "1.0.1"

"escape-html@~1.0.3":
  "integrity" "sha1-Aljq5NPQwJdN4cFpGI7wBR0dGYg="
  "resolved" "http://registry.npm.taobao.org/escape-html/download/escape-html-1.0.3.tgz"
  "version" "1.0.3"

"etag@~1.8.0", "etag@~1.8.1":
  "integrity" "sha1-Qa4u62XvpiJorr/qg6x9eSmbCIc="
  "resolved" "http://registry.npm.taobao.org/etag/download/etag-1.8.1.tgz"
  "version" "1.8.1"

"express-session@^1.15.6":
  "integrity" "sha1-R7QWDIj0KrcP6KUI4xy/92dXqwo="
  "resolved" "http://registry.npm.taobao.org/express-session/download/express-session-1.15.6.tgz"
  "version" "1.15.6"
  dependencies:
    "cookie" "0.3.1"
    "cookie-signature" "1.0.6"
    "crc" "3.4.4"
    "debug" "2.6.9"
    "depd" "~1.1.1"
    "on-headers" "~1.0.1"
    "parseurl" "~1.3.2"
    "uid-safe" "~2.1.5"
    "utils-merge" "1.0.1"

"express@~4.15.2":
  "integrity" "sha1-ZwI1ypWYiQpa6BcLg9tyK4Qu2Sc="
  "resolved" "http://registry.npm.taobao.org/express/download/express-4.15.5.tgz"
  "version" "4.15.5"
  dependencies:
    "accepts" "~1.3.3"
    "array-flatten" "1.1.1"
    "content-disposition" "0.5.2"
    "content-type" "~1.0.2"
    "cookie" "0.3.1"
    "cookie-signature" "1.0.6"
    "debug" "2.6.9"
    "depd" "~1.1.1"
    "encodeurl" "~1.0.1"
    "escape-html" "~1.0.3"
    "etag" "~1.8.0"
    "finalhandler" "~1.0.6"
    "fresh" "0.5.2"
    "merge-descriptors" "1.0.1"
    "methods" "~1.1.2"
    "on-finished" "~2.3.0"
    "parseurl" "~1.3.1"
    "path-to-regexp" "0.1.7"
    "proxy-addr" "~1.1.5"
    "qs" "6.5.0"
    "range-parser" "~1.2.0"
    "send" "0.15.6"
    "serve-static" "1.12.6"
    "setprototypeof" "1.0.3"
    "statuses" "~1.3.1"
    "type-is" "~1.6.15"
    "utils-merge" "1.0.0"
    "vary" "~1.1.1"

"finalhandler@~1.0.6":
  "integrity" "sha1-AHrqM9Gk0+QgF/YkhIrVjSEvgU8="
  "resolved" "http://registry.npm.taobao.org/finalhandler/download/finalhandler-1.0.6.tgz"
  "version" "1.0.6"
  dependencies:
    "debug" "2.6.9"
    "encodeurl" "~1.0.1"
    "escape-html" "~1.0.3"
    "on-finished" "~2.3.0"
    "parseurl" "~1.3.2"
    "statuses" "~1.3.1"
    "unpipe" "~1.0.0"

"forwarded@~0.1.0":
  "integrity" "sha1-mMI9qxF1ZXuMBXPozszZGw/xjIQ="
  "resolved" "http://registry.npm.taobao.org/forwarded/download/forwarded-0.1.2.tgz"
  "version" "0.1.2"

"fresh@0.5.2":
  "integrity" "sha1-PYyt2Q2XZWn6g1qx+OSyOhBWBac="
  "resolved" "http://registry.npm.taobao.org/fresh/download/fresh-0.5.2.tgz"
  "version" "0.5.2"

"http-errors@~1.6.1", "http-errors@~1.6.2":
  "integrity" "sha1-CgAsyFcHGSp+eUbO7cERVfYOxzY="
  "resolved" "http://registry.npm.taobao.org/http-errors/download/http-errors-1.6.2.tgz"
  "version" "1.6.2"
  dependencies:
    "depd" "1.1.1"
    "inherits" "2.0.3"
    "setprototypeof" "1.0.3"
    "statuses" ">= 1.3.1 < 2"

"iconv-lite@0.4.15":
  "integrity" "sha1-/iZaIYrGpXz+hUkn6dBMGYJe3es="
  "resolved" "http://registry.npm.taobao.org/iconv-lite/download/iconv-lite-0.4.15.tgz"
  "version" "0.4.15"

"inherits@~2.0.3", "inherits@2.0.3":
  "integrity" "sha1-Yzwsg+PaQqUC9SRmAiSA9CCCYd4="
  "resolved" "http://registry.npm.taobao.org/inherits/download/inherits-2.0.3.tgz"
  "version" "2.0.3"

"ipaddr.js@1.4.0":
  "integrity" "sha1-KWrKh4qCGBbluF0KKFqZvP9FgvA="
  "resolved" "http://registry.npm.taobao.org/ipaddr.js/download/ipaddr.js-1.4.0.tgz"
  "version" "1.4.0"

"isarray@~1.0.0":
  "integrity" "sha1-u5NdSFgsuhaMBoNJV6VKPgcSTxE="
  "resolved" "http://registry.npm.taobao.org/isarray/download/isarray-1.0.0.tgz"
  "version" "1.0.0"

"media-typer@0.3.0":
  "integrity" "sha1-hxDXrwqmJvj/+hzgAWhUUmMlV0g="
  "resolved" "http://registry.npm.taobao.org/media-typer/download/media-typer-0.3.0.tgz"
  "version" "0.3.0"

"merge-descriptors@1.0.1":
  "integrity" "sha1-sAqqVW3YtEVoFQ7J0blT8/kMu2E="
  "resolved" "http://registry.npm.taobao.org/merge-descriptors/download/merge-descriptors-1.0.1.tgz"
  "version" "1.0.1"

"methods@~1.1.2":
  "integrity" "sha1-VSmk1nZUE07cxSZmVoNbD4Ua/O4="
  "resolved" "http://registry.npm.taobao.org/methods/download/methods-1.1.2.tgz"
  "version" "1.1.2"

"mime-db@~1.30.0":
  "integrity" "sha1-dMZD2i3Z1qRTmZY0ZbJtXKfXHwE="
  "resolved" "http://registry.npm.taobao.org/mime-db/download/mime-db-1.30.0.tgz"
  "version" "1.30.0"

"mime-types@~2.1.15", "mime-types@~2.1.16":
  "integrity" "sha1-Cdejk/A+mVp5+K+Fe3Cp4KsWVXo="
  "resolved" "http://registry.npm.taobao.org/mime-types/download/mime-types-2.1.17.tgz"
  "version" "2.1.17"
  dependencies:
    "mime-db" "~1.30.0"

"mime@1.3.4":
  "integrity" "sha1-EV+eO2s9rylZmDyzjxSaLUDrXVM="
  "resolved" "http://registry.npm.taobao.org/mime/download/mime-1.3.4.tgz"
  "version" "1.3.4"

"moment@^2.20.1":
  "integrity" "sha1-1usaRsvMFKKy+UNBEsH/iQfzE/0="
  "resolved" "http://registry.npm.taobao.org/moment/download/moment-2.20.1.tgz"
  "version" "2.20.1"

"morgan@>=1.9.1":
  "integrity" "sha512-AbegBVI4sh6El+1gNwvD5YIck7nSA36weD7xvIxG4in80j/UoK8AEGaWnnz8v1GxonMCltmlNs5ZKbGvl9b1XQ=="
  "resolved" "https://registry.npmjs.org/morgan/-/morgan-1.10.0.tgz"
  "version" "1.10.0"
  dependencies:
    "basic-auth" "~2.0.1"
    "debug" "2.6.9"
    "depd" "~2.0.0"
    "on-finished" "~2.3.0"
    "on-headers" "~1.0.2"

"ms@2.0.0":
  "integrity" "sha1-VgiurfwAvmwpAd9fmGF4jeDVl8g="
  "resolved" "http://registry.npm.taobao.org/ms/download/ms-2.0.0.tgz"
  "version" "2.0.0"

"mysql@^2.15.0":
  "integrity" "sha1-6haEEVY0Po8uR/yJhexBzdlXO1w="
  "resolved" "http://registry.npm.taobao.org/mysql/download/mysql-2.15.0.tgz"
  "version" "2.15.0"
  dependencies:
    "bignumber.js" "4.0.4"
    "readable-stream" "2.3.3"
    "safe-buffer" "5.1.1"
    "sqlstring" "2.3.0"

"negotiator@0.6.1":
  "integrity" "sha1-KzJxhOiZIQEXeyhWP7XnECrNDKk="
  "resolved" "http://registry.npm.taobao.org/negotiator/download/negotiator-0.6.1.tgz"
  "version" "0.6.1"

"object-assign@^4":
  "integrity" "sha1-IQmtx5ZYh8/AXLvUQsrIv7s2CGM="
  "resolved" "http://registry.npm.taobao.org/object-assign/download/object-assign-4.1.1.tgz"
  "version" "4.1.1"

"on-finished@~2.3.0":
  "integrity" "sha1-IPEzZIGwg811M3mSoWlxqi2QaUc="
  "resolved" "http://registry.npm.taobao.org/on-finished/download/on-finished-2.3.0.tgz"
  "version" "2.3.0"
  dependencies:
    "ee-first" "1.1.1"

"on-headers@~1.0.1", "on-headers@~1.0.2":
  "integrity" "sha512-pZAE+FJLoyITytdqK0U5s+FIpjN0JP3OzFi/u8Rx+EV5/W+JTWGXG8xFzevE7AjBfDqHv/8vL8qQsIhHnqRkrA=="
  "resolved" "https://registry.npmjs.org/on-headers/-/on-headers-1.0.2.tgz"
  "version" "1.0.2"

"parseurl@~1.3.1", "parseurl@~1.3.2":
  "integrity" "sha1-/CidTtiZMRlGDBViUyYs3I3mW/M="
  "resolved" "http://registry.npm.taobao.org/parseurl/download/parseurl-1.3.2.tgz"
  "version" "1.3.2"

"path-to-regexp@0.1.7":
  "integrity" "sha1-32BBeABfUi8V60SQ5yR6G/qmf4w="
  "resolved" "http://registry.npm.taobao.org/path-to-regexp/download/path-to-regexp-0.1.7.tgz"
  "version" "0.1.7"

"process-nextick-args@~1.0.6":
  "integrity" "sha1-FQ4gt1ZZCtP5EJPyWk8q2L/zC6M="
  "resolved" "http://registry.npm.taobao.org/process-nextick-args/download/process-nextick-args-1.0.7.tgz"
  "version" "1.0.7"

"proxy-addr@~1.1.5":
  "integrity" "sha1-ccDuOxAt4/IC87ZPYI0XP8uhqRg="
  "resolved" "http://registry.npm.taobao.org/proxy-addr/download/proxy-addr-1.1.5.tgz"
  "version" "1.1.5"
  dependencies:
    "forwarded" "~0.1.0"
    "ipaddr.js" "1.4.0"

"qs@6.4.0":
  "integrity" "sha1-E+JtKK1rD/qpExLNO/cI7TUecjM="
  "resolved" "http://registry.npm.taobao.org/qs/download/qs-6.4.0.tgz"
  "version" "6.4.0"

"qs@6.5.0":
  "integrity" "sha1-jQSVTTZN7z78VbWgeT4eLIsebkk="
  "resolved" "http://registry.npm.taobao.org/qs/download/qs-6.5.0.tgz"
  "version" "6.5.0"

"random-bytes@~1.0.0":
  "integrity" "sha1-T2ih3Arli9P7lYSMMDJNt11kNgs="
  "resolved" "http://registry.npm.taobao.org/random-bytes/download/random-bytes-1.0.0.tgz"
  "version" "1.0.0"

"range-parser@~1.2.0":
  "integrity" "sha1-9JvmtIeJTdxA3MlKMi9hEJLgDV4="
  "resolved" "http://registry.npm.taobao.org/range-parser/download/range-parser-1.2.0.tgz"
  "version" "1.2.0"

"raw-body@~2.2.0":
  "integrity" "sha1-mUl2z2pQlqQRYoQEkvC9xdbn+5Y="
  "resolved" "http://registry.npm.taobao.org/raw-body/download/raw-body-2.2.0.tgz"
  "version" "2.2.0"
  dependencies:
    "bytes" "2.4.0"
    "iconv-lite" "0.4.15"
    "unpipe" "1.0.0"

"readable-stream@2.3.3":
  "integrity" "sha1-No8lEtefnUb9/HE0mueHi7weuVw="
  "resolved" "http://registry.npm.taobao.org/readable-stream/download/readable-stream-2.3.3.tgz"
  "version" "2.3.3"
  dependencies:
    "core-util-is" "~1.0.0"
    "inherits" "~2.0.3"
    "isarray" "~1.0.0"
    "process-nextick-args" "~1.0.6"
    "safe-buffer" "~5.1.1"
    "string_decoder" "~1.0.3"
    "util-deprecate" "~1.0.1"

"safe-buffer@~5.1.0", "safe-buffer@~5.1.1", "safe-buffer@5.1.1":
  "integrity" "sha1-iTMSr2myEj3vcfV4iQAWce6yyFM="
  "resolved" "http://registry.npm.taobao.org/safe-buffer/download/safe-buffer-5.1.1.tgz"
  "version" "5.1.1"

"safe-buffer@5.1.2":
  "integrity" "sha512-Gd2UZBJDkXlY7GbJxfsE8/nvKkUEU1G38c1siN6QP6a9PT9MmHB8GnpscSmMJSoF8LOIrt8ud/wPtojys4G6+g=="
  "resolved" "https://registry.npmjs.org/safe-buffer/-/safe-buffer-5.1.2.tgz"
  "version" "5.1.2"

"send@0.15.6":
  "integrity" "sha1-IPI6nJJbdiq4JwX+L52yUqzkfjQ="
  "resolved" "http://registry.npm.taobao.org/send/download/send-0.15.6.tgz"
  "version" "0.15.6"
  dependencies:
    "debug" "2.6.9"
    "depd" "~1.1.1"
    "destroy" "~1.0.4"
    "encodeurl" "~1.0.1"
    "escape-html" "~1.0.3"
    "etag" "~1.8.1"
    "fresh" "0.5.2"
    "http-errors" "~1.6.2"
    "mime" "1.3.4"
    "ms" "2.0.0"
    "on-finished" "~2.3.0"
    "range-parser" "~1.2.0"
    "statuses" "~1.3.1"

"serve-favicon@~2.4.2":
  "integrity" "sha1-SdmkaGMVOpJAaRyJPSsOfYXW1DY="
  "resolved" "http://registry.npm.taobao.org/serve-favicon/download/serve-favicon-2.4.5.tgz"
  "version" "2.4.5"
  dependencies:
    "etag" "~1.8.1"
    "fresh" "0.5.2"
    "ms" "2.0.0"
    "parseurl" "~1.3.2"
    "safe-buffer" "5.1.1"

"serve-static@1.12.6":
  "integrity" "sha1-uXN3P2NEmTTaVOW+ul4x2fQhFXc="
  "resolved" "http://registry.npm.taobao.org/serve-static/download/serve-static-1.12.6.tgz"
  "version" "1.12.6"
  dependencies:
    "encodeurl" "~1.0.1"
    "escape-html" "~1.0.3"
    "parseurl" "~1.3.2"
    "send" "0.15.6"

"setprototypeof@1.0.3":
  "integrity" "sha1-ZlZ+NwQ+608E2RvWWMDL77VbjgQ="
  "resolved" "http://registry.npm.taobao.org/setprototypeof/download/setprototypeof-1.0.3.tgz"
  "version" "1.0.3"

"sqlstring@2.3.0":
  "integrity" "sha1-UluKT9Jtb3GqYegipsr5dtMa0qg="
  "resolved" "http://registry.npm.taobao.org/sqlstring/download/sqlstring-2.3.0.tgz"
  "version" "2.3.0"

"statuses@>= 1.3.1 < 2":
  "integrity" "sha1-u3PURtonlhBu/MG2AaJT1sRr0Ic="
  "resolved" "http://registry.npm.taobao.org/statuses/download/statuses-1.4.0.tgz"
  "version" "1.4.0"

"statuses@~1.3.1":
  "integrity" "sha1-+vUbnrdKrvOzrPStX2Gr8ky3uT4="
  "resolved" "http://registry.npm.taobao.org/statuses/download/statuses-1.3.1.tgz"
  "version" "1.3.1"

"string_decoder@~1.0.3":
  "integrity" "sha1-D8Z9fBQYJd6UKC3VNr7GubzoYKs="
  "resolved" "http://registry.npm.taobao.org/string_decoder/download/string_decoder-1.0.3.tgz"
  "version" "1.0.3"
  dependencies:
    "safe-buffer" "~5.1.0"

"type-is@~1.6.15":
  "integrity" "sha1-yrEPtJCeRByChC6v4a1kbIGARBA="
  "resolved" "http://registry.npm.taobao.org/type-is/download/type-is-1.6.15.tgz"
  "version" "1.6.15"
  dependencies:
    "media-typer" "0.3.0"
    "mime-types" "~2.1.15"

"uid-safe@~2.1.5":
  "integrity" "sha1-Kz1cckDo/C5Y+Komnl7knAhXvTo="
  "resolved" "http://registry.npm.taobao.org/uid-safe/download/uid-safe-2.1.5.tgz"
  "version" "2.1.5"
  dependencies:
    "random-bytes" "~1.0.0"

"unpipe@~1.0.0", "unpipe@1.0.0":
  "integrity" "sha1-sr9O6FFKrmFltIF4KdIbLvSZBOw="
  "resolved" "http://registry.npm.taobao.org/unpipe/download/unpipe-1.0.0.tgz"
  "version" "1.0.0"

"util-deprecate@~1.0.1":
  "integrity" "sha1-RQ1Nyfpw3nMnYvvS1KKJgUGaDM8="
  "resolved" "http://registry.npm.taobao.org/util-deprecate/download/util-deprecate-1.0.2.tgz"
  "version" "1.0.2"

"utils-merge@1.0.0":
  "integrity" "sha1-ApT7kiu5N1FTVBxPcJYjHyh8ivg="
  "resolved" "http://registry.npm.taobao.org/utils-merge/download/utils-merge-1.0.0.tgz"
  "version" "1.0.0"

"utils-merge@1.0.1":
  "integrity" "sha1-n5VxD1CiZ5R7LMwSR0HBAoQn5xM="
  "resolved" "http://registry.npm.taobao.org/utils-merge/download/utils-merge-1.0.1.tgz"
  "version" "1.0.1"

"vary@^1", "vary@~1.1.1":
  "integrity" "sha1-IpnwLG3tMNSllhsLn3RSShj2NPw="
  "resolved" "http://registry.npm.taobao.org/vary/download/vary-1.1.2.tgz"
  "version" "1.1.2"
